// !$*UTF8*$!
{
	archiveVersion = 1;
	classes = {
	};
	objectVersion = 55;
	objects = {

/* Begin PBXBuildFile section */
		040167CC2899307700599403 /* bj7568.swift in Sources */ = {isa = PBXBuildFile; fileRef = 040167CB2899307700599403 /* bj7568.swift */; };
		040167CE28993BD400599403 /* main.swift in Sources */ = {isa = PBXBuildFile; fileRef = 040167CD28993BD400599403 /* main.swift */; };
/* End PBXBuildFile section */

/* Begin PBXCopyFilesBuildPhase section */
		0460401B286DB05500D44F32 /* CopyFiles */ = {
			isa = PBXCopyFilesBuildPhase;
			buildActionMask = 2147483647;
			dstPath = /usr/share/man/man1/;
			dstSubfolderSpec = 0;
			files = (
			);
			runOnlyForDeploymentPostprocessing = 1;
		};
/* End PBXCopyFilesBuildPhase section */

/* Begin PBXFileReference section */
		04006E4B2887A8F500638813 /* bj2869.swift */ = {isa = PBXFileReference; lastKnownFileType = sourcecode.swift; path = bj2869.swift; sourceTree = "<group>"; };
		04006E4D2887B18600638813 /* bj10250.swift */ = {isa = PBXFileReference; lastKnownFileType = sourcecode.swift; path = bj10250.swift; sourceTree = "<group>"; };
		04006E4F2887BB6E00638813 /* bj2775.swift */ = {isa = PBXFileReference; lastKnownFileType = sourcecode.swift; path = bj2775.swift; sourceTree = "<group>"; };
		040167C72898F7FB00599403 /* bj2798.swift */ = {isa = PBXFileReference; lastKnownFileType = sourcecode.swift; path = bj2798.swift; sourceTree = "<group>"; };
		040167C9289927E000599403 /* bj2231.swift */ = {isa = PBXFileReference; lastKnownFileType = sourcecode.swift; path = bj2231.swift; sourceTree = "<group>"; };
		040167CB2899307700599403 /* bj7568.swift */ = {isa = PBXFileReference; lastKnownFileType = sourcecode.swift; path = bj7568.swift; sourceTree = "<group>"; };
		040167CD28993BD400599403 /* main.swift */ = {isa = PBXFileReference; lastKnownFileType = sourcecode.swift; path = main.swift; sourceTree = "<group>"; };
		040B7DAE2883CEA200F06496 /* bj2438.swift */ = {isa = PBXFileReference; lastKnownFileType = sourcecode.swift; path = bj2438.swift; sourceTree = "<group>"; };
		040B7DB02883CFDA00F06496 /* bj 2439.swift */ = {isa = PBXFileReference; lastKnownFileType = sourcecode.swift; path = "bj 2439.swift"; sourceTree = "<group>"; };
		040B7DB22883D3F100F06496 /* bj10871.swift */ = {isa = PBXFileReference; lastKnownFileType = sourcecode.swift; path = bj10871.swift; sourceTree = "<group>"; };
		040B7DB42883D5F100F06496 /* bj10952.swift */ = {isa = PBXFileReference; lastKnownFileType = sourcecode.swift; path = bj10952.swift; sourceTree = "<group>"; };
		040B7DB62883E45D00F06496 /* bj10951.swift */ = {isa = PBXFileReference; lastKnownFileType = sourcecode.swift; path = bj10951.swift; sourceTree = "<group>"; };
		040B7DB82883E65B00F06496 /* bj1110.swift */ = {isa = PBXFileReference; lastKnownFileType = sourcecode.swift; path = bj1110.swift; sourceTree = "<group>"; };
		0450D1D428911B900044B6BC /* bj10872.swift */ = {isa = PBXFileReference; lastKnownFileType = sourcecode.swift; path = bj10872.swift; sourceTree = "<group>"; };
		0450D1D6289121240044B6BC /* bj10870.swift */ = {isa = PBXFileReference; lastKnownFileType = sourcecode.swift; path = bj10870.swift; sourceTree = "<group>"; };
		0450D1D8289123F00044B6BC /* bj17478.swift */ = {isa = PBXFileReference; lastKnownFileType = sourcecode.swift; path = bj17478.swift; sourceTree = "<group>"; };
		0450D1DA28921E460044B6BC /* bj2447Important.swift */ = {isa = PBXFileReference; lastKnownFileType = sourcecode.swift; path = bj2447Important.swift; sourceTree = "<group>"; };
		04527D2C2878CEFF00632847 /* bj9498.swift */ = {isa = PBXFileReference; lastKnownFileType = sourcecode.swift; path = bj9498.swift; sourceTree = "<group>"; };
		04527D2E2878D24F00632847 /* bj2753.swift */ = {isa = PBXFileReference; lastKnownFileType = sourcecode.swift; path = bj2753.swift; sourceTree = "<group>"; };
		04527D302878D69800632847 /* bj2884.swift */ = {isa = PBXFileReference; lastKnownFileType = sourcecode.swift; path = bj2884.swift; sourceTree = "<group>"; };
		04527D322878D7EA00632847 /* bj2525.swift */ = {isa = PBXFileReference; lastKnownFileType = sourcecode.swift; path = bj2525.swift; sourceTree = "<group>"; };
		04527D342878DB6E00632847 /* bj2480.swift */ = {isa = PBXFileReference; lastKnownFileType = sourcecode.swift; path = bj2480.swift; sourceTree = "<group>"; };
		045B1482288529F5007BF67D /* bj1712.swift */ = {isa = PBXFileReference; lastKnownFileType = sourcecode.swift; path = bj1712.swift; sourceTree = "<group>"; };
		045B1484288542B8007BF67D /* bj2292.swift */ = {isa = PBXFileReference; lastKnownFileType = sourcecode.swift; path = bj2292.swift; sourceTree = "<group>"; };
		045B14862885561B007BF67D /* bj1193.swift */ = {isa = PBXFileReference; lastKnownFileType = sourcecode.swift; path = bj1193.swift; sourceTree = "<group>"; };
		045CA9D228899BC800A6B814 /* bj2839.swift */ = {isa = PBXFileReference; lastKnownFileType = sourcecode.swift; path = bj2839.swift; sourceTree = "<group>"; };
		045CA9D42889FCFB00A6B814 /* bj10757.swift */ = {isa = PBXFileReference; lastKnownFileType = sourcecode.swift; path = bj10757.swift; sourceTree = "<group>"; };
		0460401D286DB05500D44F32 /* AlgorithmStudy */ = {isa = PBXFileReference; explicitFileType = "compiled.mach-o.executable"; includeInIndex = 0; path = AlgorithmStudy; sourceTree = BUILT_PRODUCTS_DIR; };
		04604020286DB05500D44F32 /* bj10818.swift */ = {isa = PBXFileReference; lastKnownFileType = sourcecode.swift; path = bj10818.swift; sourceTree = "<group>"; };
		046D64C3287E8B7500EC0A58 /* bj2908.swift */ = {isa = PBXFileReference; lastKnownFileType = sourcecode.swift; path = bj2908.swift; sourceTree = "<group>"; };
		046D64C5287E917E00EC0A58 /* bj5622.swift */ = {isa = PBXFileReference; lastKnownFileType = sourcecode.swift; path = bj5622.swift; sourceTree = "<group>"; };
		046D64C7287E99C400EC0A58 /* bj2941.swift */ = {isa = PBXFileReference; lastKnownFileType = sourcecode.swift; path = bj2941.swift; sourceTree = "<group>"; };
		046EE98A2876084D00F4EEBC /* bj4673.swift */ = {isa = PBXFileReference; lastKnownFileType = sourcecode.swift; path = bj4673.swift; sourceTree = "<group>"; };
		046EE98C28761B6700F4EEBC /* bj1065.swift */ = {isa = PBXFileReference; lastKnownFileType = sourcecode.swift; path = bj1065.swift; sourceTree = "<group>"; };
		047B750D2875546F00B5CF1B /* bj10171.swift */ = {isa = PBXFileReference; lastKnownFileType = sourcecode.swift; path = bj10171.swift; sourceTree = "<group>"; };
		047B751028756AC300B5CF1B /* bj1001.swift */ = {isa = PBXFileReference; lastKnownFileType = sourcecode.swift; path = bj1001.swift; sourceTree = "<group>"; };
		047B7517287571CD00B5CF1B /* bj10430.swift */ = {isa = PBXFileReference; lastKnownFileType = sourcecode.swift; path = bj10430.swift; sourceTree = "<group>"; };
		047B7519287572C000B5CF1B /* bj2588.swift */ = {isa = PBXFileReference; lastKnownFileType = sourcecode.swift; path = bj2588.swift; sourceTree = "<group>"; };
		047B751B2875767F00B5CF1B /* bj25083.swift */ = {isa = PBXFileReference; lastKnownFileType = sourcecode.swift; path = bj25083.swift; sourceTree = "<group>"; };
		048486642878CADB00CE2950 /* bj1330.swift */ = {isa = PBXFileReference; lastKnownFileType = sourcecode.swift; path = bj1330.swift; sourceTree = "<group>"; };
		0489CBE4286FFC54000578FE /* bj2562.swift */ = {isa = PBXFileReference; lastKnownFileType = sourcecode.swift; path = bj2562.swift; sourceTree = "<group>"; };
		0489CBE62870110F000578FE /* bj2577.swift */ = {isa = PBXFileReference; lastKnownFileType = sourcecode.swift; path = bj2577.swift; sourceTree = "<group>"; };
		0489CBE828709C8E000578FE /* bj3052.swift */ = {isa = PBXFileReference; lastKnownFileType = sourcecode.swift; path = bj3052.swift; sourceTree = "<group>"; };
		0489CBEA2870A37B000578FE /* bj1546.swift */ = {isa = PBXFileReference; lastKnownFileType = sourcecode.swift; path = bj1546.swift; sourceTree = "<group>"; };
		0489CBEC2870A8B1000578FE /* bj8958.swift */ = {isa = PBXFileReference; lastKnownFileType = sourcecode.swift; path = bj8958.swift; sourceTree = "<group>"; };
		0489CBEE2871A225000578FE /* bj4344.swift */ = {isa = PBXFileReference; lastKnownFileType = sourcecode.swift; path = bj4344.swift; sourceTree = "<group>"; };
		0492AC5428827F1700C6C228 /* bj15552.swift */ = {isa = PBXFileReference; lastKnownFileType = sourcecode.swift; path = bj15552.swift; sourceTree = "<group>"; };
		0492AC562882862800C6C228 /* bj11021.swift */ = {isa = PBXFileReference; lastKnownFileType = sourcecode.swift; path = bj11021.swift; sourceTree = "<group>"; };
		049E6507288FB18E0017A433 /* bj2581.swift */ = {isa = PBXFileReference; lastKnownFileType = sourcecode.swift; path = bj2581.swift; sourceTree = "<group>"; };
		049E6509288FB8460017A433 /* 11653.swift */ = {isa = PBXFileReference; lastKnownFileType = sourcecode.swift; path = 11653.swift; sourceTree = "<group>"; };
		049E650B288FCA360017A433 /* bj1929.swift */ = {isa = PBXFileReference; lastKnownFileType = sourcecode.swift; path = bj1929.swift; sourceTree = "<group>"; };
		049E650D288FCBA00017A433 /* bj4948.swift */ = {isa = PBXFileReference; lastKnownFileType = sourcecode.swift; path = bj4948.swift; sourceTree = "<group>"; };
		049E650F288FD1DA0017A433 /* bj9020.swift */ = {isa = PBXFileReference; lastKnownFileType = sourcecode.swift; path = bj9020.swift; sourceTree = "<group>"; };
		04AC83BE287D272B00AEA81D /* bj131235.swift */ = {isa = PBXFileReference; lastKnownFileType = sourcecode.swift; path = bj131235.swift; sourceTree = "<group>"; };
		04AC83C0287D386500AEA81D /* bj1157.swift */ = {isa = PBXFileReference; lastKnownFileType = sourcecode.swift; path = bj1157.swift; sourceTree = "<group>"; };
		04AC83C2287D427900AEA81D /* bj1152.swift */ = {isa = PBXFileReference; lastKnownFileType = sourcecode.swift; path = bj1152.swift; sourceTree = "<group>"; };
		04B47F30287C1A8200AAC5E2 /* bj11654.swift */ = {isa = PBXFileReference; lastKnownFileType = sourcecode.swift; path = bj11654.swift; sourceTree = "<group>"; };
		04B47F32287C20A600AAC5E2 /* bj11720.swift */ = {isa = PBXFileReference; lastKnownFileType = sourcecode.swift; path = bj11720.swift; sourceTree = "<group>"; };
		04B47F34287C235000AAC5E2 /* bj10809.swift */ = {isa = PBXFileReference; lastKnownFileType = sourcecode.swift; path = bj10809.swift; sourceTree = "<group>"; };
		04B657E6288E9A9B00E6D5F7 /* bj1978.swift */ = {isa = PBXFileReference; lastKnownFileType = sourcecode.swift; path = bj1978.swift; sourceTree = "<group>"; };
		04BF954628940F8B00CD55D2 /* bj11729TimeOver.swift */ = {isa = PBXFileReference; lastKnownFileType = sourcecode.swift; path = bj11729TimeOver.swift; sourceTree = "<group>"; };
		04CC2EDE287FC1F000EBD424 /* bj1316.swift */ = {isa = PBXFileReference; lastKnownFileType = sourcecode.swift; path = bj1316.swift; sourceTree = "<group>"; };
		04CC2EE0287FC88C00EBD424 /* bj2739.swift */ = {isa = PBXFileReference; lastKnownFileType = sourcecode.swift; path = bj2739.swift; sourceTree = "<group>"; };
		04CC2EE2287FCF7600EBD424 /* bj10950.swift */ = {isa = PBXFileReference; lastKnownFileType = sourcecode.swift; path = bj10950.swift; sourceTree = "<group>"; };
/* End PBXFileReference section */

/* Begin PBXFrameworksBuildPhase section */
		0460401A286DB05500D44F32 /* Frameworks */ = {
			isa = PBXFrameworksBuildPhase;
			buildActionMask = 2147483647;
			files = (
			);
			runOnlyForDeploymentPostprocessing = 0;
		};
/* End PBXFrameworksBuildPhase section */

/* Begin PBXGroup section */
		040167C62898F7DD00599403 /* Level10 */ = {
			isa = PBXGroup;
			children = (
				040167C72898F7FB00599403 /* bj2798.swift */,
				040167C9289927E000599403 /* bj2231.swift */,
				040167CB2899307700599403 /* bj7568.swift */,
				040167CD28993BD400599403 /* main.swift */,
			);
			path = Level10;
			sourceTree = "<group>";
		};
		0450D1D328911B760044B6BC /* Level9 */ = {
			isa = PBXGroup;
			children = (
				0450D1D428911B900044B6BC /* bj10872.swift */,
				0450D1D6289121240044B6BC /* bj10870.swift */,
				0450D1D8289123F00044B6BC /* bj17478.swift */,
				0450D1DA28921E460044B6BC /* bj2447Important.swift */,
				04BF954628940F8B00CD55D2 /* bj11729TimeOver.swift */,
			);
			path = Level9;
			sourceTree = "<group>";
		};
		045B148128852989007BF67D /* Level7 */ = {
			isa = PBXGroup;
			children = (
				045B1482288529F5007BF67D /* bj1712.swift */,
				045B1484288542B8007BF67D /* bj2292.swift */,
				045B14862885561B007BF67D /* bj1193.swift */,
				04006E4B2887A8F500638813 /* bj2869.swift */,
				04006E4D2887B18600638813 /* bj10250.swift */,
				04006E4F2887BB6E00638813 /* bj2775.swift */,
				045CA9D228899BC800A6B814 /* bj2839.swift */,
				045CA9D42889FCFB00A6B814 /* bj10757.swift */,
			);
			path = Level7;
			sourceTree = "<group>";
		};
		04604014286DB05500D44F32 = {
			isa = PBXGroup;
			children = (
				0460401F286DB05500D44F32 /* AlgorithmStudy */,
				0460401E286DB05500D44F32 /* Products */,
			);
			sourceTree = "<group>";
		};
		0460401E286DB05500D44F32 /* Products */ = {
			isa = PBXGroup;
			children = (
				0460401D286DB05500D44F32 /* AlgorithmStudy */,
			);
			name = Products;
			sourceTree = "<group>";
		};
		0460401F286DB05500D44F32 /* AlgorithmStudy */ = {
			isa = PBXGroup;
			children = (
				047B751228756C0F00B5CF1B /* Level1 */,
				047B751328756C1A00B5CF1B /* Level2 */,
				047B751428756C2F00B5CF1B /* Level3 */,
				047B751528756C3800B5CF1B /* Level4 */,
				047B751628756C3B00B5CF1B /* Level5 */,
				04B47F2F287C1A6800AAC5E2 /* Level6 */,
				045B148128852989007BF67D /* Level7 */,
				04B657E5288E9A8200E6D5F7 /* Level8 */,
				0450D1D328911B760044B6BC /* Level9 */,
				040167C62898F7DD00599403 /* Level10 */,
			);
			path = AlgorithmStudy;
			sourceTree = "<group>";
		};
		047B751228756C0F00B5CF1B /* Level1 */ = {
			isa = PBXGroup;
			children = (
				047B750D2875546F00B5CF1B /* bj10171.swift */,
				047B751028756AC300B5CF1B /* bj1001.swift */,
				047B7517287571CD00B5CF1B /* bj10430.swift */,
				047B7519287572C000B5CF1B /* bj2588.swift */,
				047B751B2875767F00B5CF1B /* bj25083.swift */,
			);
			path = Level1;
			sourceTree = "<group>";
		};
		047B751328756C1A00B5CF1B /* Level2 */ = {
			isa = PBXGroup;
			children = (
				048486642878CADB00CE2950 /* bj1330.swift */,
				04527D2C2878CEFF00632847 /* bj9498.swift */,
				04527D2E2878D24F00632847 /* bj2753.swift */,
				04527D302878D69800632847 /* bj2884.swift */,
				04527D322878D7EA00632847 /* bj2525.swift */,
				04527D342878DB6E00632847 /* bj2480.swift */,
			);
			path = Level2;
			sourceTree = "<group>";
		};
		047B751428756C2F00B5CF1B /* Level3 */ = {
			isa = PBXGroup;
			children = (
				04CC2EE0287FC88C00EBD424 /* bj2739.swift */,
				04CC2EE2287FCF7600EBD424 /* bj10950.swift */,
				0492AC5428827F1700C6C228 /* bj15552.swift */,
				0492AC562882862800C6C228 /* bj11021.swift */,
				040B7DAE2883CEA200F06496 /* bj2438.swift */,
				040B7DB02883CFDA00F06496 /* bj 2439.swift */,
				040B7DB22883D3F100F06496 /* bj10871.swift */,
				040B7DB42883D5F100F06496 /* bj10952.swift */,
				040B7DB62883E45D00F06496 /* bj10951.swift */,
				040B7DB82883E65B00F06496 /* bj1110.swift */,
			);
			path = Level3;
			sourceTree = "<group>";
		};
		047B751528756C3800B5CF1B /* Level4 */ = {
			isa = PBXGroup;
			children = (
				04604020286DB05500D44F32 /* bj10818.swift */,
				0489CBE4286FFC54000578FE /* bj2562.swift */,
				0489CBE62870110F000578FE /* bj2577.swift */,
				0489CBE828709C8E000578FE /* bj3052.swift */,
				0489CBEA2870A37B000578FE /* bj1546.swift */,
				0489CBEC2870A8B1000578FE /* bj8958.swift */,
				0489CBEE2871A225000578FE /* bj4344.swift */,
			);
			path = Level4;
			sourceTree = "<group>";
		};
		047B751628756C3B00B5CF1B /* Level5 */ = {
			isa = PBXGroup;
			children = (
				046EE98A2876084D00F4EEBC /* bj4673.swift */,
				046EE98C28761B6700F4EEBC /* bj1065.swift */,
			);
			path = Level5;
			sourceTree = "<group>";
		};
		04B47F2F287C1A6800AAC5E2 /* Level6 */ = {
			isa = PBXGroup;
			children = (
				04B47F30287C1A8200AAC5E2 /* bj11654.swift */,
				04B47F32287C20A600AAC5E2 /* bj11720.swift */,
				04B47F34287C235000AAC5E2 /* bj10809.swift */,
				04AC83BE287D272B00AEA81D /* bj131235.swift */,
				04AC83C0287D386500AEA81D /* bj1157.swift */,
				04AC83C2287D427900AEA81D /* bj1152.swift */,
				046D64C3287E8B7500EC0A58 /* bj2908.swift */,
				046D64C5287E917E00EC0A58 /* bj5622.swift */,
				046D64C7287E99C400EC0A58 /* bj2941.swift */,
				04CC2EDE287FC1F000EBD424 /* bj1316.swift */,
			);
			path = Level6;
			sourceTree = "<group>";
		};
		04B657E5288E9A8200E6D5F7 /* Level8 */ = {
			isa = PBXGroup;
			children = (
				04B657E6288E9A9B00E6D5F7 /* bj1978.swift */,
				049E6507288FB18E0017A433 /* bj2581.swift */,
				049E6509288FB8460017A433 /* 11653.swift */,
				049E650B288FCA360017A433 /* bj1929.swift */,
				049E650D288FCBA00017A433 /* bj4948.swift */,
				049E650F288FD1DA0017A433 /* bj9020.swift */,
			);
			path = Level8;
			sourceTree = "<group>";
		};
/* End PBXGroup section */

/* Begin PBXNativeTarget section */
		0460401C286DB05500D44F32 /* AlgorithmStudy */ = {
			isa = PBXNativeTarget;
			buildConfigurationList = 04604024286DB05500D44F32 /* Build configuration list for PBXNativeTarget "AlgorithmStudy" */;
			buildPhases = (
				04604019286DB05500D44F32 /* Sources */,
				0460401A286DB05500D44F32 /* Frameworks */,
				0460401B286DB05500D44F32 /* CopyFiles */,
			);
			buildRules = (
			);
			dependencies = (
			);
			name = AlgorithmStudy;
			productName = AlgorithmStudy;
			productReference = 0460401D286DB05500D44F32 /* AlgorithmStudy */;
			productType = "com.apple.product-type.tool";
		};
/* End PBXNativeTarget section */

/* Begin PBXProject section */
		04604015286DB05500D44F32 /* Project object */ = {
			isa = PBXProject;
			attributes = {
				BuildIndependentTargetsInParallel = 1;
				LastSwiftUpdateCheck = 1340;
				LastUpgradeCheck = 1340;
				TargetAttributes = {
					0460401C286DB05500D44F32 = {
						CreatedOnToolsVersion = 13.4;
						LastSwiftMigration = 1340;
					};
				};
			};
			buildConfigurationList = 04604018286DB05500D44F32 /* Build configuration list for PBXProject "AlgorithmStudy" */;
			compatibilityVersion = "Xcode 13.0";
			developmentRegion = en;
			hasScannedForEncodings = 0;
			knownRegions = (
				en,
				Base,
			);
			mainGroup = 04604014286DB05500D44F32;
			productRefGroup = 0460401E286DB05500D44F32 /* Products */;
			projectDirPath = "";
			projectRoot = "";
			targets = (
				0460401C286DB05500D44F32 /* AlgorithmStudy */,
			);
		};
/* End PBXProject section */

/* Begin PBXSourcesBuildPhase section */
		04604019286DB05500D44F32 /* Sources */ = {
			isa = PBXSourcesBuildPhase;
			buildActionMask = 2147483647;
			files = (
				040167CE28993BD400599403 /* main.swift in Sources */,
				040167CC2899307700599403 /* bj7568.swift in Sources */,
			);
			runOnlyForDeploymentPostprocessing = 0;
		};
/* End PBXSourcesBuildPhase section */

/* Begin XCBuildConfiguration section */
		04604022286DB05500D44F32 /* Debug */ = {
			isa = XCBuildConfiguration;
			buildSettings = {
				ALWAYS_SEARCH_USER_PATHS = NO;
				CLANG_ANALYZER_NONNULL = YES;
				CLANG_ANALYZER_NUMBER_OBJECT_CONVERSION = YES_AGGRESSIVE;
				CLANG_CXX_LANGUAGE_STANDARD = "gnu++17";
				CLANG_ENABLE_MODULES = YES;
				CLANG_ENABLE_OBJC_ARC = YES;
				CLANG_ENABLE_OBJC_WEAK = YES;
				CLANG_WARN_BLOCK_CAPTURE_AUTORELEASING = YES;
				CLANG_WARN_BOOL_CONVERSION = YES;
				CLANG_WARN_COMMA = YES;
				CLANG_WARN_CONSTANT_CONVERSION = YES;
				CLANG_WARN_DEPRECATED_OBJC_IMPLEMENTATIONS = YES;
				CLANG_WARN_DIRECT_OBJC_ISA_USAGE = YES_ERROR;
				CLANG_WARN_DOCUMENTATION_COMMENTS = YES;
				CLANG_WARN_EMPTY_BODY = YES;
				CLANG_WARN_ENUM_CONVERSION = YES;
				CLANG_WARN_INFINITE_RECURSION = YES;
				CLANG_WARN_INT_CONVERSION = YES;
				CLANG_WARN_NON_LITERAL_NULL_CONVERSION = YES;
				CLANG_WARN_OBJC_IMPLICIT_RETAIN_SELF = YES;
				CLANG_WARN_OBJC_LITERAL_CONVERSION = YES;
				CLANG_WARN_OBJC_ROOT_CLASS = YES_ERROR;
				CLANG_WARN_QUOTED_INCLUDE_IN_FRAMEWORK_HEADER = YES;
				CLANG_WARN_RANGE_LOOP_ANALYSIS = YES;
				CLANG_WARN_STRICT_PROTOTYPES = YES;
				CLANG_WARN_SUSPICIOUS_MOVE = YES;
				CLANG_WARN_UNGUARDED_AVAILABILITY = YES_AGGRESSIVE;
				CLANG_WARN_UNREACHABLE_CODE = YES;
				CLANG_WARN__DUPLICATE_METHOD_MATCH = YES;
				COPY_PHASE_STRIP = NO;
				DEBUG_INFORMATION_FORMAT = dwarf;
				ENABLE_STRICT_OBJC_MSGSEND = YES;
				ENABLE_TESTABILITY = YES;
				GCC_C_LANGUAGE_STANDARD = gnu11;
				GCC_DYNAMIC_NO_PIC = NO;
				GCC_NO_COMMON_BLOCKS = YES;
				GCC_OPTIMIZATION_LEVEL = 0;
				GCC_PREPROCESSOR_DEFINITIONS = (
					"DEBUG=1",
					"$(inherited)",
				);
				GCC_WARN_64_TO_32_BIT_CONVERSION = YES;
				GCC_WARN_ABOUT_RETURN_TYPE = YES_ERROR;
				GCC_WARN_UNDECLARED_SELECTOR = YES;
				GCC_WARN_UNINITIALIZED_AUTOS = YES_AGGRESSIVE;
				GCC_WARN_UNUSED_FUNCTION = YES;
				GCC_WARN_UNUSED_VARIABLE = YES;
				MACOSX_DEPLOYMENT_TARGET = 12.3;
				MTL_ENABLE_DEBUG_INFO = INCLUDE_SOURCE;
				MTL_FAST_MATH = YES;
				ONLY_ACTIVE_ARCH = YES;
				SDKROOT = macosx;
				SWIFT_ACTIVE_COMPILATION_CONDITIONS = DEBUG;
				SWIFT_OPTIMIZATION_LEVEL = "-Onone";
			};
			name = Debug;
		};
		04604023286DB05500D44F32 /* Release */ = {
			isa = XCBuildConfiguration;
			buildSettings = {
				ALWAYS_SEARCH_USER_PATHS = NO;
				CLANG_ANALYZER_NONNULL = YES;
				CLANG_ANALYZER_NUMBER_OBJECT_CONVERSION = YES_AGGRESSIVE;
				CLANG_CXX_LANGUAGE_STANDARD = "gnu++17";
				CLANG_ENABLE_MODULES = YES;
				CLANG_ENABLE_OBJC_ARC = YES;
				CLANG_ENABLE_OBJC_WEAK = YES;
				CLANG_WARN_BLOCK_CAPTURE_AUTORELEASING = YES;
				CLANG_WARN_BOOL_CONVERSION = YES;
				CLANG_WARN_COMMA = YES;
				CLANG_WARN_CONSTANT_CONVERSION = YES;
				CLANG_WARN_DEPRECATED_OBJC_IMPLEMENTATIONS = YES;
				CLANG_WARN_DIRECT_OBJC_ISA_USAGE = YES_ERROR;
				CLANG_WARN_DOCUMENTATION_COMMENTS = YES;
				CLANG_WARN_EMPTY_BODY = YES;
				CLANG_WARN_ENUM_CONVERSION = YES;
				CLANG_WARN_INFINITE_RECURSION = YES;
				CLANG_WARN_INT_CONVERSION = YES;
				CLANG_WARN_NON_LITERAL_NULL_CONVERSION = YES;
				CLANG_WARN_OBJC_IMPLICIT_RETAIN_SELF = YES;
				CLANG_WARN_OBJC_LITERAL_CONVERSION = YES;
				CLANG_WARN_OBJC_ROOT_CLASS = YES_ERROR;
				CLANG_WARN_QUOTED_INCLUDE_IN_FRAMEWORK_HEADER = YES;
				CLANG_WARN_RANGE_LOOP_ANALYSIS = YES;
				CLANG_WARN_STRICT_PROTOTYPES = YES;
				CLANG_WARN_SUSPICIOUS_MOVE = YES;
				CLANG_WARN_UNGUARDED_AVAILABILITY = YES_AGGRESSIVE;
				CLANG_WARN_UNREACHABLE_CODE = YES;
				CLANG_WARN__DUPLICATE_METHOD_MATCH = YES;
				COPY_PHASE_STRIP = NO;
				DEBUG_INFORMATION_FORMAT = "dwarf-with-dsym";
				ENABLE_NS_ASSERTIONS = NO;
				ENABLE_STRICT_OBJC_MSGSEND = YES;
				GCC_C_LANGUAGE_STANDARD = gnu11;
				GCC_NO_COMMON_BLOCKS = YES;
				GCC_WARN_64_TO_32_BIT_CONVERSION = YES;
				GCC_WARN_ABOUT_RETURN_TYPE = YES_ERROR;
				GCC_WARN_UNDECLARED_SELECTOR = YES;
				GCC_WARN_UNINITIALIZED_AUTOS = YES_AGGRESSIVE;
				GCC_WARN_UNUSED_FUNCTION = YES;
				GCC_WARN_UNUSED_VARIABLE = YES;
				MACOSX_DEPLOYMENT_TARGET = 12.3;
				MTL_ENABLE_DEBUG_INFO = NO;
				MTL_FAST_MATH = YES;
				SDKROOT = macosx;
				SWIFT_COMPILATION_MODE = wholemodule;
				SWIFT_OPTIMIZATION_LEVEL = "-O";
			};
			name = Release;
		};
		04604025286DB05500D44F32 /* Debug */ = {
			isa = XCBuildConfiguration;
			buildSettings = {
				CLANG_ENABLE_MODULES = YES;
				CODE_SIGN_STYLE = Automatic;
				DEVELOPMENT_TEAM = 7492YXB292;
				ENABLE_HARDENED_RUNTIME = YES;
				LD_RUNPATH_SEARCH_PATHS = (
					"$(inherited)",
					"@executable_path/../Frameworks",
					"@loader_path/../Frameworks",
				);
				PRODUCT_NAME = "$(TARGET_NAME)";
				SWIFT_OPTIMIZATION_LEVEL = "-Onone";
				SWIFT_VERSION = 5.0;
			};
			name = Debug;
		};
		04604026286DB05500D44F32 /* Release */ = {
			isa = XCBuildConfiguration;
			buildSettings = {
				CLANG_ENABLE_MODULES = YES;
				CODE_SIGN_STYLE = Automatic;
				DEVELOPMENT_TEAM = 7492YXB292;
				ENABLE_HARDENED_RUNTIME = YES;
				LD_RUNPATH_SEARCH_PATHS = (
					"$(inherited)",
					"@executable_path/../Frameworks",
					"@loader_path/../Frameworks",
				);
				PRODUCT_NAME = "$(TARGET_NAME)";
				SWIFT_VERSION = 5.0;
			};
			name = Release;
		};
/* End XCBuildConfiguration section */

/* Begin XCConfigurationList section */
		04604018286DB05500D44F32 /* Build configuration list for PBXProject "AlgorithmStudy" */ = {
			isa = XCConfigurationList;
			buildConfigurations = (
				04604022286DB05500D44F32 /* Debug */,
				04604023286DB05500D44F32 /* Release */,
			);
			defaultConfigurationIsVisible = 0;
			defaultConfigurationName = Release;
		};
		04604024286DB05500D44F32 /* Build configuration list for PBXNativeTarget "AlgorithmStudy" */ = {
			isa = XCConfigurationList;
			buildConfigurations = (
				04604025286DB05500D44F32 /* Debug */,
				04604026286DB05500D44F32 /* Release */,
			);
			defaultConfigurationIsVisible = 0;
			defaultConfigurationName = Release;
		};
/* End XCConfigurationList section */
	};
	rootObject = 04604015286DB05500D44F32 /* Project object */;
}
